# Generated by pub
# See https://dart.dev/tools/pub/glossary#lockfile
packages:
  _flutterfire_internals:
    dependency: transitive
    description:
      name: _flutterfire_internals
      sha256: "37a42d06068e2fe3deddb2da079a8c4d105f241225ba27b7122b37e9865fd8f7"
      url: "https://pub.dev"
    source: hosted
    version: "1.3.35"
  another_carousel_pro:
    dependency: "direct main"
    description:
      name: another_carousel_pro
      sha256: "3973eac89f0df07c9032f597dc8f8e48ad3d73065c62cefd46231de04a71d433"
      url: "https://pub.dev"
    source: hosted
    version: "1.0.2"
  another_flutter_splash_screen:
    dependency: "direct main"
    description:
      name: another_flutter_splash_screen
      sha256: feb42edf8c67bc991eabb67b4aeb6832dd7f829f3d72102a5f8b6af3ae6c5933
      url: "https://pub.dev"
    source: hosted
    version: "1.2.1"
  app_settings:
    dependency: "direct main"
    description:
      name: app_settings
      sha256: "3e46c561441e5820d3a25339bf8b51b9e45a5f686873851a20c257a530917795"
      url: "https://pub.dev"
    source: hosted
    version: "6.1.1"
  archive:
    dependency: transitive
    description:
      name: archive
      sha256: "793964beb8e297995714326628881437d4211f10fc8843534bab54129cd896ee"
      url: "https://pub.dev"
    source: hosted
    version: "3.3.1"
  args:
    dependency: transitive
    description:
      name: args
      sha256: b003c3098049a51720352d219b0bb5f219b60fbfb68e7a4748139a06a5676515
      url: "https://pub.dev"
    source: hosted
    version: "2.3.1"
  async:
    dependency: transitive
    description:
      name: async
      sha256: "947bfcf187f74dbc5e146c9eb9c0f10c9f8b30743e341481c1e2ed3ecc18c20c"
      url: "https://pub.dev"
    source: hosted
    version: "2.11.0"
  audio_session:
    dependency: "direct main"
    description:
      name: audio_session
      sha256: "343e83bc7809fbda2591a49e525d6b63213ade10c76f15813be9aed6657b3261"
      url: "https://pub.dev"
    source: hosted
    version: "0.1.21"
  audioplayers:
    dependency: "direct main"
    description:
      name: audioplayers
      sha256: a5341380a4f1d3a10a4edde5bb75de5127fe31e0faa8c4d860e64d2f91ad84c7
      url: "https://pub.dev"
    source: hosted
    version: "6.4.0"
  audioplayers_android:
    dependency: transitive
    description:
      name: audioplayers_android
      sha256: f8c90823a45b475d2c129f85bbda9c029c8d4450b172f62e066564c6e170f69a
      url: "https://pub.dev"
    source: hosted
    version: "5.2.0"
  audioplayers_darwin:
    dependency: transitive
    description:
      name: audioplayers_darwin
      sha256: "405cdbd53ebdb4623f1c5af69f275dad4f930ce895512d5261c07cd95d23e778"
      url: "https://pub.dev"
    source: hosted
    version: "6.2.0"
  audioplayers_linux:
    dependency: transitive
    description:
      name: audioplayers_linux
      sha256: "7e0d081a6a527c53aef9539691258a08ff69a7dc15ef6335fbea1b4b03ebbef0"
      url: "https://pub.dev"
    source: hosted
    version: "4.2.0"
  audioplayers_platform_interface:
    dependency: transitive
    description:
      name: audioplayers_platform_interface
      sha256: "77e5fa20fb4a64709158391c75c1cca69a481d35dc879b519e350a05ff520373"
      url: "https://pub.dev"
    source: hosted
    version: "7.1.0"
  audioplayers_web:
    dependency: transitive
    description:
      name: audioplayers_web
      sha256: bd99d8821114747682a2be0adcdb70233d4697af989b549d3a20a0f49f6c9b13
      url: "https://pub.dev"
    source: hosted
    version: "5.1.0"
  audioplayers_windows:
    dependency: transitive
    description:
      name: audioplayers_windows
      sha256: "871d3831c25cd2408ddc552600fd4b32fba675943e319a41284704ee038ad563"
      url: "https://pub.dev"
    source: hosted
    version: "4.2.0"
  back_button_interceptor:
    dependency: "direct main"
    description:
      name: back_button_interceptor
      sha256: "70a6b998700176be98b62d7daead89bd525aa922069487e33c9fcf1d8e2c40ff"
      url: "https://pub.dev"
    source: hosted
    version: "6.0.1"
  battery_plus:
    dependency: "direct main"
    description:
      name: battery_plus
      sha256: ba605aeafd6609cb5f8020c609a51941803a5fb2b6a7576f7c7eeeb52d29e750
      url: "https://pub.dev"
    source: hosted
    version: "5.0.3"
  battery_plus_platform_interface:
    dependency: transitive
    description:
      name: battery_plus_platform_interface
      sha256: e8342c0f32de4b1dfd0223114b6785e48e579bfc398da9471c9179b907fa4910
      url: "https://pub.dev"
    source: hosted
    version: "2.0.1"
  boolean_selector:
    dependency: transitive
    description:
      name: boolean_selector
      sha256: "6cfb5af12253eaf2b368f07bacc5a80d1301a071c73360d746b7f2e32d762c66"
      url: "https://pub.dev"
    source: hosted
    version: "2.1.1"
  bubble:
    dependency: "direct main"
    description:
      name: bubble
      sha256: "65b992b8f8ba2e7e2871190cbdfaa0818b6de2f340bef37cb5ee1b61debe0226"
      url: "https://pub.dev"
    source: hosted
    version: "1.2.1"
  carousel_slider:
    dependency: "direct main"
    description:
      name: carousel_slider
      sha256: "869a3f4f2ad0e8d029d9cefd20d2cafd0a50847b74e7aab3a8eec662b0c7d2ee"
      url: "https://pub.dev"
    source: hosted
    version: "4.1.1"
  change_app_package_name:
    dependency: "direct dev"
    description:
      name: change_app_package_name
      sha256: f9ebaf68a4b5a68c581492579bb68273c523ef325fbf9ce2f1b57fb136ad023b
      url: "https://pub.dev"
    source: hosted
    version: "1.1.0"
  characters:
    dependency: transitive
    description:
      name: characters
      sha256: "04a925763edad70e8443c99234dc3328f442e811f1d8fd1a72f1c8ad0f69a605"
      url: "https://pub.dev"
    source: hosted
    version: "1.3.0"
  checked_yaml:
    dependency: transitive
    description:
      name: checked_yaml
      sha256: dd007e4fb8270916820a0d66e24f619266b60773cddd082c6439341645af2659
      url: "https://pub.dev"
    source: hosted
    version: "2.0.1"
  cli_util:
    dependency: transitive
    description:
      name: cli_util
      sha256: "66f86e916d285c1a93d3b79587d94bd71984a66aac4ff74e524cfa7877f1395c"
      url: "https://pub.dev"
    source: hosted
    version: "0.3.5"
  clock:
    dependency: transitive
    description:
      name: clock
      sha256: cb6d7f03e1de671e34607e909a7213e31d7752be4fb66a86d29fe1eb14bfb5cf
      url: "https://pub.dev"
    source: hosted
    version: "1.1.1"
  collection:
    dependency: transitive
    description:
      name: collection
      sha256: ee67cb0715911d28db6bf4af1026078bd6f0128b07a5f66fb2ed94ec6783c09a
      url: "https://pub.dev"
    source: hosted
    version: "1.18.0"
  connectivity_plus:
    dependency: "direct main"
    description:
      name: connectivity_plus
      sha256: "224a77051d52a11fbad53dd57827594d3bd24f945af28bd70bab376d68d437f0"
      url: "https://pub.dev"
    source: hosted
    version: "5.0.2"
  connectivity_plus_platform_interface:
    dependency: transitive
    description:
      name: connectivity_plus_platform_interface
      sha256: cf1d1c28f4416f8c654d7dc3cd638ec586076255d407cef3ddbdaf178272a71a
      url: "https://pub.dev"
    source: hosted
    version: "1.2.4"
  crypto:
    dependency: transitive
    description:
      name: crypto
      sha256: aa274aa7774f8964e4f4f38cc994db7b6158dd36e9187aaceaddc994b35c6c67
      url: "https://pub.dev"
    source: hosted
    version: "3.0.2"
  csslib:
    dependency: transitive
    description:
      name: csslib
      sha256: b36c7f7e24c0bdf1bf9a3da461c837d1de64b9f8beb190c9011d8c72a3dfd745
      url: "https://pub.dev"
    source: hosted
    version: "0.17.2"
  cupertino_icons:
    dependency: "direct main"
    description:
      name: cupertino_icons
      sha256: e35129dc44c9118cee2a5603506d823bab99c68393879edb440e0090d07586be
      url: "https://pub.dev"
    source: hosted
    version: "1.0.5"
  datetime_picker_formfield:
    dependency: "direct main"
    description:
      name: datetime_picker_formfield
      sha256: "6d0412c98cc5da18a5dca1f81f82a834fbacdb5d249fd6d9bed42d912339720e"
      url: "https://pub.dev"
    source: hosted
    version: "2.0.1"
  dbus:
    dependency: transitive
    description:
      name: dbus
      sha256: "79e0c23480ff85dc68de79e2cd6334add97e48f7f4865d17686dd6ea81a47e8c"
      url: "https://pub.dev"
    source: hosted
    version: "0.7.11"
  device_info_plus:
    dependency: "direct main"
    description:
      name: device_info_plus
      sha256: "77f757b789ff68e4eaf9c56d1752309bd9f7ad557cb105b938a7f8eb89e59110"
      url: "https://pub.dev"
    source: hosted
    version: "9.1.2"
  device_info_plus_platform_interface:
    dependency: transitive
    description:
      name: device_info_plus_platform_interface
      sha256: d3b01d5868b50ae571cd1dc6e502fc94d956b665756180f7b16ead09e836fd64
      url: "https://pub.dev"
    source: hosted
    version: "7.0.0"
  dio:
    dependency: "direct main"
    description:
      name: dio
      sha256: "7d328c4d898a61efc3cd93655a0955858e29a0aa647f0f9e02d59b3bb275e2e8"
      url: "https://pub.dev"
    source: hosted
    version: "4.0.6"
  dotted_line:
    dependency: "direct main"
    description:
      name: dotted_line
      sha256: c931ba331656154711d9420f369f80cf9e8869ca9933ae5fb35b7669bcbe7d2e
      url: "https://pub.dev"
    source: hosted
    version: "3.2.2"
  event_bus:
    dependency: "direct main"
    description:
      name: event_bus
      sha256: "44baa799834f4c803921873e7446a2add0f3efa45e101a054b1f0ab9b95f8edc"
      url: "https://pub.dev"
    source: hosted
    version: "2.0.0"
  fake_async:
    dependency: transitive
    description:
      name: fake_async
      sha256: "511392330127add0b769b75a987850d136345d9227c6b94c96a04cf4a391bf78"
      url: "https://pub.dev"
    source: hosted
    version: "1.3.1"
  ffi:
    dependency: transitive
    description:
      name: ffi
      sha256: a38574032c5f1dd06c4aee541789906c12ccaab8ba01446e800d9c5b79c4a978
      url: "https://pub.dev"
    source: hosted
    version: "2.0.1"
  file:
    dependency: transitive
    description:
      name: file
      sha256: "1b92bec4fc2a72f59a8e15af5f52cd441e4a7860b49499d69dfa817af20e925d"
      url: "https://pub.dev"
    source: hosted
    version: "6.1.4"
  firebase_core:
    dependency: "direct main"
    description:
      name: firebase_core
      sha256: "26de145bb9688a90962faec6f838247377b0b0d32cc0abecd9a4e43525fc856c"
      url: "https://pub.dev"
    source: hosted
    version: "2.32.0"
  firebase_core_platform_interface:
    dependency: transitive
    description:
      name: firebase_core_platform_interface
      sha256: "8bcfad6d7033f5ea951d15b867622a824b13812178bfec0c779b9d81de011bbb"
      url: "https://pub.dev"
    source: hosted
    version: "5.4.2"
  firebase_core_web:
    dependency: transitive
    description:
      name: firebase_core_web
      sha256: "362e52457ed2b7b180964769c1e04d1e0ea0259fdf7025fdfedd019d4ae2bd88"
      url: "https://pub.dev"
    source: hosted
    version: "2.17.5"
  firebase_messaging:
    dependency: "direct main"
    description:
      name: firebase_messaging
      sha256: a1662cc95d9750a324ad9df349b873360af6f11414902021f130c68ec02267c4
      url: "https://pub.dev"
    source: hosted
    version: "14.9.4"
  firebase_messaging_platform_interface:
    dependency: transitive
    description:
      name: firebase_messaging_platform_interface
      sha256: "87c4a922cb6f811cfb7a889bdbb3622702443c52a0271636cbc90d813ceac147"
      url: "https://pub.dev"
    source: hosted
    version: "4.5.37"
  firebase_messaging_web:
    dependency: transitive
    description:
      name: firebase_messaging_web
      sha256: "0d34dca01a7b103ed7f20138bffbb28eb0e61a677bf9e78a028a932e2c7322d5"
      url: "https://pub.dev"
    source: hosted
    version: "3.8.7"
  flutter:
    dependency: "direct main"
    description: flutter
    source: sdk
    version: "0.0.0"
  flutter_launcher_icons:
    dependency: "direct main"
    description:
      name: flutter_launcher_icons
      sha256: a9de6706cd844668beac27c0aed5910fa0534832b3c2cad61a5fd977fce82a5d
      url: "https://pub.dev"
    source: hosted
    version: "0.10.0"
  flutter_local_notifications:
    dependency: "direct main"
    description:
      name: flutter_local_notifications
      sha256: "674173fd3c9eda9d4c8528da2ce0ea69f161577495a9cc835a2a4ecd7eadeb35"
      url: "https://pub.dev"
    source: hosted
    version: "17.2.4"
  flutter_local_notifications_linux:
    dependency: transitive
    description:
      name: flutter_local_notifications_linux
      sha256: c49bd06165cad9beeb79090b18cd1eb0296f4bf4b23b84426e37dd7c027fc3af
      url: "https://pub.dev"
    source: hosted
    version: "4.0.1"
  flutter_local_notifications_platform_interface:
    dependency: transitive
    description:
      name: flutter_local_notifications_platform_interface
      sha256: "85f8d07fe708c1bdcf45037f2c0109753b26ae077e9d9e899d55971711a4ea66"
      url: "https://pub.dev"
    source: hosted
    version: "7.2.0"
  flutter_neumorphic_plus:
    dependency: "direct main"
    description:
      name: flutter_neumorphic_plus
      sha256: "8fa0a1ff1c025e2d61850798d244e61c37cd4717bd340eadf4c9baa00b24353f"
      url: "https://pub.dev"
    source: hosted
    version: "3.4.0"
  flutter_rating_bar:
    dependency: "direct main"
    description:
      name: flutter_rating_bar
      sha256: d2af03469eac832c591a1eba47c91ecc871fe5708e69967073c043b2d775ed93
      url: "https://pub.dev"
    source: hosted
    version: "4.0.1"
  flutter_svg:
    dependency: "direct main"
    description:
      name: flutter_svg
      sha256: e5422480e99e0b9c3324736f46cb3b9d27996125e327f6b91fb5b0303f849cf7
      url: "https://pub.dev"
    source: hosted
    version: "1.1.4"
  flutter_test:
    dependency: "direct dev"
    description: flutter
    source: sdk
    version: "0.0.0"
  flutter_web_plugins:
    dependency: transitive
    description: flutter
    source: sdk
    version: "0.0.0"
  font_awesome_flutter:
    dependency: "direct main"
    description:
      name: font_awesome_flutter
      sha256: "1f93e5799f0e6c882819e8393a05c6ca5226010f289190f2242ec19f3f0fdba5"
      url: "https://pub.dev"
    source: hosted
    version: "9.2.0"
  geolocator:
    dependency: "direct main"
    description:
      name: geolocator
      sha256: "6cb9fb6e5928b58b9a84bdf85012d757fd07aab8215c5205337021c4999bad27"
      url: "https://pub.dev"
    source: hosted
    version: "11.1.0"
  geolocator_android:
    dependency: transitive
    description:
      name: geolocator_android
      sha256: "93906636752ea4d4e778afa981fdfe7409f545b3147046300df194330044d349"
      url: "https://pub.dev"
    source: hosted
    version: "4.3.1"
  geolocator_apple:
    dependency: transitive
    description:
      name: geolocator_apple
      sha256: c4ecead17985ede9634f21500072edfcb3dba0ef7b97f8d7bc556d2d722b3ba3
      url: "https://pub.dev"
    source: hosted
    version: "2.3.9"
  geolocator_platform_interface:
    dependency: transitive
    description:
      name: geolocator_platform_interface
      sha256: "386ce3d9cce47838355000070b1d0b13efb5bc430f8ecda7e9238c8409ace012"
      url: "https://pub.dev"
    source: hosted
    version: "4.2.4"
  geolocator_web:
    dependency: transitive
    description:
      name: geolocator_web
      sha256: "49d8f846ebeb5e2b6641fe477a7e97e5dd73f03cbfef3fd5c42177b7300fb0ed"
      url: "https://pub.dev"
    source: hosted
    version: "3.0.0"
  geolocator_windows:
    dependency: transitive
    description:
      name: geolocator_windows
      sha256: "53da08937d07c24b0d9952eb57a3b474e29aae2abf9dd717f7e1230995f13f0e"
      url: "https://pub.dev"
    source: hosted
    version: "0.2.3"
  getwidget:
    dependency: "direct main"
    description:
      name: getwidget
      sha256: d97c08d2cc8f2456bb8b28e34931879b1c5da6545453f3d64b7bebd70b7abfcf
      url: "https://pub.dev"
    source: hosted
    version: "3.0.1"
  gradient_borders:
    dependency: "direct main"
    description:
      name: gradient_borders
      sha256: "8be30e4184bc8d87767f37c04342367b62f5d95806f1847004f32dbcf6e57eaf"
      url: "https://pub.dev"
    source: hosted
    version: "0.2.0"
  html:
    dependency: transitive
    description:
      name: html
      sha256: "58e3491f7bf0b6a4ea5110c0c688877460d1a6366731155c4a4580e7ded773e8"
      url: "https://pub.dev"
    source: hosted
    version: "0.15.3"
  http:
    dependency: "direct main"
    description:
      name: http
      sha256: "6aa2946395183537c8b880962d935877325d6a09a2867c3970c05c0fed6ac482"
      url: "https://pub.dev"
    source: hosted
    version: "0.13.5"
  http_parser:
    dependency: transitive
    description:
      name: http_parser
      sha256: db3060f22889f3d9d55f6a217565486737037eec3609f7f3eca4d0c67ee0d8a0
      url: "https://pub.dev"
    source: hosted
    version: "4.0.1"
  image:
    dependency: transitive
    description:
      name: image
      sha256: "9d2c5f73435a70a936d317769ee8e7ef480e37674b9f2bce95ea98969a307855"
      url: "https://pub.dev"
    source: hosted
    version: "3.2.0"
  intl:
    dependency: "direct main"
    description:
      name: intl
      sha256: "910f85bce16fb5c6f614e117efa303e85a1731bb0081edf3604a2ae6e9a3cc91"
      url: "https://pub.dev"
    source: hosted
    version: "0.17.0"
  jitsi_meet_flutter_sdk:
    dependency: "direct main"
    description:
      name: jitsi_meet_flutter_sdk
      sha256: "890c8dcf97c2bff7aa7cef449699adf66c6d7f61ec3c0d94cf3b5f1329addfd4"
      url: "https://pub.dev"
    source: hosted
    version: "11.3.0"
  js:
    dependency: transitive
    description:
      name: js
      sha256: "5528c2f391ededb7775ec1daa69e65a2d61276f7552de2b5f7b8d34ee9fd4ab7"
      url: "https://pub.dev"
    source: hosted
    version: "0.6.5"
  json_annotation:
    dependency: transitive
    description:
      name: json_annotation
      sha256: b10a7b2ff83d83c777edba3c6a0f97045ddadd56c944e1a23a3fdf43a1bf4467
      url: "https://pub.dev"
    source: hosted
    version: "4.8.1"
  leak_tracker:
    dependency: transitive
    description:
      name: leak_tracker
      sha256: "78eb209deea09858f5269f5a5b02be4049535f568c07b275096836f01ea323fa"
      url: "https://pub.dev"
    source: hosted
    version: "10.0.0"
  leak_tracker_flutter_testing:
    dependency: transitive
    description:
      name: leak_tracker_flutter_testing
      sha256: b46c5e37c19120a8a01918cfaf293547f47269f7cb4b0058f21531c2465d6ef0
      url: "https://pub.dev"
    source: hosted
    version: "2.0.1"
  leak_tracker_testing:
    dependency: transitive
    description:
      name: leak_tracker_testing
      sha256: a597f72a664dbd293f3bfc51f9ba69816f84dcd403cdac7066cb3f6003f3ab47
      url: "https://pub.dev"
    source: hosted
    version: "2.0.1"
  liquid_progress_indicator_v2:
    dependency: "direct main"
    description:
      name: liquid_progress_indicator_v2
      sha256: "6bb2c675bab4936864a63ccd503be417e407974e11c62711917a4006bb9288b8"
      url: "https://pub.dev"
    source: hosted
    version: "0.5.0"
  localstorage:
    dependency: "direct main"
    description:
      name: localstorage
      sha256: "93f103074c0661bc1bb90aa88e172ee2e9096ec0c4f9baf519e23372c39ca681"
      url: "https://pub.dev"
    source: hosted
    version: "4.0.0+1"
  logger:
    dependency: "direct main"
    description:
      name: logger
      sha256: be4b23575aac7ebf01f225a241eb7f6b5641eeaf43c6a8613510fc2f8cf187d1
      url: "https://pub.dev"
    source: hosted
    version: "2.5.0"
  logging:
    dependency: transitive
    description:
      name: logging
      sha256: c0bbfe94d46aedf9b8b3e695cf3bd48c8e14b35e3b2c639e0aa7755d589ba946
      url: "https://pub.dev"
    source: hosted
    version: "1.1.0"
  lottie:
    dependency: "direct main"
    description:
      name: lottie
      sha256: "893da7a0022ec2fcaa616f34529a081f617e86cc501105b856e5a3184c58c7c2"
      url: "https://pub.dev"
    source: hosted
    version: "1.4.3"
  matcher:
    dependency: transitive
    description:
      name: matcher
      sha256: d2323aa2060500f906aa31a895b4030b6da3ebdcc5619d14ce1aada65cd161cb
      url: "https://pub.dev"
    source: hosted
    version: "0.12.16+1"
  material_color_utilities:
    dependency: transitive
    description:
      name: material_color_utilities
      sha256: "0e0a020085b65b6083975e499759762399b4475f766c21668c4ecca34ea74e5a"
      url: "https://pub.dev"
    source: hosted
    version: "0.8.0"
  meta:
    dependency: transitive
    description:
      name: meta
      sha256: d584fa6707a52763a52446f02cc621b077888fb63b93bbcb1143a7be5a0c0c04
      url: "https://pub.dev"
    source: hosted
    version: "1.11.0"
  mqtt_client:
    dependency: "direct main"
    description:
      name: mqtt_client
      sha256: ba10ec490ded55dc4e77bbc992529d823fb15d0d5ec68c2895f960312060c541
      url: "https://pub.dev"
    source: hosted
    version: "9.8.1"
  nested:
    dependency: transitive
    description:
      name: nested
      sha256: "03bac4c528c64c95c722ec99280375a6f2fc708eec17c7b3f07253b626cd2a20"
      url: "https://pub.dev"
    source: hosted
    version: "1.0.0"
  nm:
    dependency: transitive
    description:
      name: nm
      sha256: "2c9aae4127bdc8993206464fcc063611e0e36e72018696cd9631023a31b24254"
      url: "https://pub.dev"
    source: hosted
    version: "0.5.0"
  os_detect:
    dependency: transitive
    description:
      name: os_detect
      sha256: faf3bcf39515e64da8ff76b2f2805b20a6ff47ae515393e535f8579ff91d6b7f
      url: "https://pub.dev"
    source: hosted
    version: "2.0.1"
  package_info_plus:
    dependency: "direct main"
    description:
      name: package_info_plus
      sha256: "7e76fad405b3e4016cd39d08f455a4eb5199723cf594cd1b8916d47140d93017"
      url: "https://pub.dev"
    source: hosted
    version: "4.2.0"
  package_info_plus_platform_interface:
    dependency: transitive
    description:
      name: package_info_plus_platform_interface
      sha256: "9bc8ba46813a4cc42c66ab781470711781940780fd8beddd0c3da62506d3a6c6"
      url: "https://pub.dev"
    source: hosted
    version: "2.0.1"
  path:
    dependency: transitive
    description:
      name: path
      sha256: "087ce49c3f0dc39180befefc60fdb4acd8f8620e5682fe2476afd0b3688bb4af"
      url: "https://pub.dev"
    source: hosted
    version: "1.9.0"
  path_drawing:
    dependency: transitive
    description:
      name: path_drawing
      sha256: bbb1934c0cbb03091af082a6389ca2080345291ef07a5fa6d6e078ba8682f977
      url: "https://pub.dev"
    source: hosted
    version: "1.0.1"
  path_parsing:
    dependency: transitive
    description:
      name: path_parsing
      sha256: e3e67b1629e6f7e8100b367d3db6ba6af4b1f0bb80f64db18ef1fbabd2fa9ccf
      url: "https://pub.dev"
    source: hosted
    version: "1.0.1"
  path_provider:
    dependency: "direct main"
    description:
      name: path_provider
      sha256: fec0d61223fba3154d87759e3cc27fe2c8dc498f6386c6d6fc80d1afdd1bf378
      url: "https://pub.dev"
    source: hosted
    version: "2.1.4"
  path_provider_android:
    dependency: transitive
    description:
      name: path_provider_android
      sha256: a248d8146ee5983446bf03ed5ea8f6533129a12b11f12057ad1b4a67a2b3b41d
      url: "https://pub.dev"
    source: hosted
    version: "2.2.4"
  path_provider_foundation:
    dependency: transitive
    description:
      name: path_provider_foundation
      sha256: "4843174df4d288f5e29185bd6e72a6fbdf5a4a4602717eed565497429f179942"
      url: "https://pub.dev"
    source: hosted
    version: "2.4.1"
  path_provider_linux:
    dependency: transitive
    description:
      name: path_provider_linux
      sha256: f7a1fe3a634fe7734c8d3f2766ad746ae2a2884abe22e241a8b301bf5cac3279
      url: "https://pub.dev"
    source: hosted
    version: "2.2.1"
  path_provider_platform_interface:
    dependency: transitive
    description:
      name: path_provider_platform_interface
      sha256: "88f5779f72ba699763fa3a3b06aa4bf6de76c8e5de842cf6f29e2e06476c2334"
      url: "https://pub.dev"
    source: hosted
    version: "2.1.2"
  path_provider_windows:
    dependency: transitive
    description:
      name: path_provider_windows
      sha256: bd6f00dbd873bfb70d0761682da2b3a2c2fccc2b9e84c495821639601d81afe7
      url: "https://pub.dev"
    source: hosted
    version: "2.3.0"
  permission_handler:
    dependency: "direct main"
    description:
      name: permission_handler
      sha256: "284a66179cabdf942f838543e10413246f06424d960c92ba95c84439154fcac8"
      url: "https://pub.dev"
    source: hosted
    version: "11.0.1"
  permission_handler_android:
    dependency: transitive
    description:
      name: permission_handler_android
      sha256: f9fddd3b46109bd69ff3f9efa5006d2d309b7aec0f3c1c5637a60a2d5659e76e
      url: "https://pub.dev"
    source: hosted
    version: "11.1.0"
  permission_handler_apple:
    dependency: transitive
    description:
      name: permission_handler_apple
      sha256: "99e220bce3f8877c78e4ace901082fb29fa1b4ebde529ad0932d8d664b34f3f5"
      url: "https://pub.dev"
    source: hosted
    version: "9.1.4"
  permission_handler_platform_interface:
    dependency: transitive
    description:
      name: permission_handler_platform_interface
      sha256: "6760eb5ef34589224771010805bea6054ad28453906936f843a8cc4d3a55c4a4"
      url: "https://pub.dev"
    source: hosted
    version: "3.12.0"
  permission_handler_windows:
    dependency: transitive
    description:
      name: permission_handler_windows
      sha256: cc074aace208760f1eee6aa4fae766b45d947df85bc831cde77009cdb4720098
      url: "https://pub.dev"
    source: hosted
    version: "0.1.3"
  petitparser:
    dependency: transitive
    description:
      name: petitparser
      sha256: "2ebb289dc4764ec397f5cd3ca9881c6d17196130a7d646ed022a0dd9c2e25a71"
      url: "https://pub.dev"
    source: hosted
    version: "5.0.0"
  platform:
    dependency: transitive
    description:
      name: platform
      sha256: "4a451831508d7d6ca779f7ac6e212b4023dd5a7d08a27a63da33756410e32b76"
      url: "https://pub.dev"
    source: hosted
    version: "3.1.0"
  plugin_platform_interface:
    dependency: transitive
    description:
      name: plugin_platform_interface
      sha256: "4820fbfdb9478b1ebae27888254d445073732dae3d6ea81f0b7e06d5dedc3f02"
      url: "https://pub.dev"
    source: hosted
    version: "2.1.8"
  process:
    dependency: transitive
    description:
      name: process
      sha256: "53fd8db9cec1d37b0574e12f07520d582019cb6c44abf5479a01505099a34a09"
      url: "https://pub.dev"
    source: hosted
    version: "4.2.4"
  provider:
    dependency: "direct main"
    description:
      name: provider
      sha256: "8d7d4c2df46d6a6270a4e10404bfecb18a937e3e00f710c260d0a10415ce6b7b"
      url: "https://pub.dev"
    source: hosted
    version: "6.0.3"
  qr:
    dependency: transitive
    description:
      name: qr
      sha256: "5c4208b4dc0d55c3184d10d83ee0ded6212dc2b5e2ba17c5a0c0aab279128d21"
      url: "https://pub.dev"
    source: hosted
    version: "2.1.0"
  qr_flutter:
    dependency: "direct main"
    description:
      name: qr_flutter
      sha256: c5c121c54cb6dd837b9b9d57eb7bc7ec6df4aee741032060c8833a678c80b87e
      url: "https://pub.dev"
    source: hosted
    version: "4.0.0"
  quickalert:
    dependency: "direct main"
    description:
      name: quickalert
      sha256: b5d62b1e20b08cc0ff5f40b6da519bdc7a5de6082f13d90572cf4e72eea56c5e
      url: "https://pub.dev"
    source: hosted
    version: "1.1.0"
  rate_my_app:
    dependency: "direct main"
    description:
      name: rate_my_app
      sha256: "5a414413c7e25f2dfa6a0216945a28cbffada3557de5d71af19c3ab109ed7e66"
      url: "https://pub.dev"
    source: hosted
    version: "2.2.0"
  record:
    dependency: "direct main"
    description:
      name: record
      sha256: "8cb57763d954624fbc673874930c6f1ceca3baaf9bfee24b25da6fd451362394"
      url: "https://pub.dev"
    source: hosted
    version: "5.2.0"
  record_android:
    dependency: transitive
    description:
      name: record_android
      sha256: "0b4739a2502fff402b0ac0ff1d6b2740854d116d78e06a4a16b3989821f84446"
      url: "https://pub.dev"
    source: hosted
    version: "1.3.0"
  record_darwin:
    dependency: transitive
    description:
      name: record_darwin
      sha256: e487eccb19d82a9a39cd0126945cfc47b9986e0df211734e2788c95e3f63c82c
      url: "https://pub.dev"
    source: hosted
    version: "1.2.2"
  record_linux:
    dependency: transitive
    description:
      name: record_linux
      sha256: "74d41a9ebb1eb498a38e9a813dd524e8f0b4fdd627270bda9756f437b110a3e3"
      url: "https://pub.dev"
    source: hosted
    version: "0.7.2"
  record_platform_interface:
    dependency: transitive
    description:
      name: record_platform_interface
      sha256: "8a575828733d4c3cb5983c914696f40db8667eab3538d4c41c50cbb79e722ef4"
      url: "https://pub.dev"
    source: hosted
    version: "1.2.0"
  record_web:
    dependency: transitive
    description:
      name: record_web
      sha256: "10cb041349024ce4256e11dd35874df26d8b45b800678f2f51fd1318901adc64"
      url: "https://pub.dev"
    source: hosted
    version: "1.1.4"
  record_windows:
    dependency: transitive
    description:
      name: record_windows
      sha256: "7bce0ac47454212ca8bfa72791d8b6a951f2fb0d4b953b64443c014227f035b4"
      url: "https://pub.dev"
    source: hosted
    version: "1.0.4"
  rxdart:
    dependency: "direct main"
    description:
      name: rxdart
      sha256: "5d22055fd443806c03ef24a02000637cf51eae49c2a0168d38a43fc166b0209c"
      url: "https://pub.dev"
    source: hosted
    version: "0.27.5"
  shared_preferences:
    dependency: "direct main"
    description:
      name: shared_preferences
      sha256: d3bbe5553a986e83980916ded2f0b435ef2e1893dfaa29d5a7a790d0eca12180
      url: "https://pub.dev"
    source: hosted
    version: "2.2.3"
  shared_preferences_android:
    dependency: transitive
    description:
      name: shared_preferences_android
      sha256: "1ee8bf911094a1b592de7ab29add6f826a7331fb854273d55918693d5364a1f2"
      url: "https://pub.dev"
    source: hosted
    version: "2.2.2"
  shared_preferences_foundation:
    dependency: transitive
    description:
      name: shared_preferences_foundation
      sha256: "07e050c7cd39bad516f8d64c455f04508d09df104be326d8c02551590a0d513d"
      url: "https://pub.dev"
    source: hosted
    version: "2.5.3"
  shared_preferences_linux:
    dependency: transitive
    description:
      name: shared_preferences_linux
      sha256: "580abfd40f415611503cae30adf626e6656dfb2f0cee8f465ece7b6defb40f2f"
      url: "https://pub.dev"
    source: hosted
    version: "2.4.1"
  shared_preferences_platform_interface:
    dependency: transitive
    description:
      name: shared_preferences_platform_interface
      sha256: "57cbf196c486bc2cf1f02b85784932c6094376284b3ad5779d1b1c6c6a816b80"
      url: "https://pub.dev"
    source: hosted
    version: "2.4.1"
  shared_preferences_web:
    dependency: transitive
    description:
      name: shared_preferences_web
      sha256: "59dc807b94d29d52ddbb1b3c0d3b9d0a67fc535a64e62a5542c8db0513fcb6c2"
      url: "https://pub.dev"
    source: hosted
    version: "2.4.1"
  shared_preferences_windows:
    dependency: transitive
    description:
      name: shared_preferences_windows
      sha256: "94ef0f72b2d71bc3e700e025db3710911bd51a71cefb65cc609dd0d9a982e3c1"
      url: "https://pub.dev"
    source: hosted
    version: "2.4.1"
  sky_engine:
    dependency: transitive
    description: flutter
    source: sdk
    version: "0.0.99"
  socket_io_client:
    dependency: "direct main"
    description:
      name: socket_io_client
      sha256: "64bd271703db3682d4195dd813c555413d21a49bbaef7c3ed38932fd2a209a10"
      url: "https://pub.dev"
    source: hosted
    version: "1.0.2"
  socket_io_common:
    dependency: transitive
    description:
      name: socket_io_common
      sha256: "469c7e6bb0c8d571a5158c1352112654f03aedc2f0a246533e1cbdb41efa4937"
      url: "https://pub.dev"
    source: hosted
    version: "1.0.1"
  source_span:
    dependency: transitive
    description:
      name: source_span
      sha256: "53e943d4206a5e30df338fd4c6e7a077e02254531b138a15aec3bd143c1a8b3c"
      url: "https://pub.dev"
    source: hosted
    version: "1.10.0"
  stack_trace:
    dependency: transitive
    description:
      name: stack_trace
      sha256: "73713990125a6d93122541237550ee3352a2d84baad52d375a4cad2eb9b7ce0b"
      url: "https://pub.dev"
    source: hosted
    version: "1.11.1"
  stream_channel:
    dependency: transitive
    description:
      name: stream_channel
      sha256: ba2aa5d8cc609d96bbb2899c28934f9e1af5cddbd60a827822ea467161eb54e7
      url: "https://pub.dev"
    source: hosted
    version: "2.1.2"
  string_scanner:
    dependency: transitive
    description:
      name: string_scanner
      sha256: "556692adab6cfa87322a115640c11f13cb77b3f076ddcc5d6ae3c20242bedcde"
      url: "https://pub.dev"
    source: hosted
    version: "1.2.0"
  synchronized:
    dependency: transitive
    description:
      name: synchronized
      sha256: "5fcbd27688af6082f5abd611af56ee575342c30e87541d0245f7ff99faa02c60"
      url: "https://pub.dev"
    source: hosted
    version: "3.1.0"
  term_glyph:
    dependency: transitive
    description:
      name: term_glyph
      sha256: a29248a84fbb7c79282b40b8c72a1209db169a2e0542bce341da992fe1bc7e84
      url: "https://pub.dev"
    source: hosted
    version: "1.2.1"
  test_api:
    dependency: transitive
    description:
      name: test_api
      sha256: "5c2f730018264d276c20e4f1503fd1308dfbbae39ec8ee63c5236311ac06954b"
      url: "https://pub.dev"
    source: hosted
    version: "0.6.1"
  timezone:
    dependency: transitive
    description:
      name: timezone
      sha256: "2236ec079a174ce07434e89fcd3fcda430025eb7692244139a9cf54fdcf1fc7d"
      url: "https://pub.dev"
    source: hosted
    version: "0.9.4"
  typed_data:
    dependency: transitive
    description:
      name: typed_data
      sha256: "26f87ade979c47a150c9eaab93ccd2bebe70a27dc0b4b29517f2904f04eb11a5"
      url: "https://pub.dev"
    source: hosted
    version: "1.3.1"
  upgrader:
    dependency: "direct main"
    description:
      name: upgrader
      sha256: "85496acfa024eb9e0c3c835d4c2358a000b21e021e9ca8835f56519ffa5e84f2"
      url: "https://pub.dev"
    source: hosted
    version: "6.5.0"
  upower:
    dependency: transitive
    description:
      name: upower
      sha256: cf042403154751180affa1d15614db7fa50234bc2373cd21c3db666c38543ebf
      url: "https://pub.dev"
    source: hosted
    version: "0.7.0"
  url_launcher:
    dependency: "direct main"
    description:
      name: url_launcher
      sha256: "9d06212b1362abc2f0f0d78e6f09f726608c74e3b9462e8368bb03314aa8d603"
      url: "https://pub.dev"
    source: hosted
    version: "6.3.1"
  url_launcher_android:
    dependency: transitive
    description:
      name: url_launcher_android
      sha256: "17cd5e205ea615e2c6ea7a77323a11712dffa0720a8a90540db57a01347f9ad9"
      url: "https://pub.dev"
    source: hosted
    version: "6.3.2"
  url_launcher_ios:
    dependency: transitive
    description:
      name: url_launcher_ios
      sha256: "16a513b6c12bb419304e72ea0ae2ab4fed569920d1c7cb850263fe3acc824626"
      url: "https://pub.dev"
    source: hosted
    version: "6.3.2"
  url_launcher_linux:
    dependency: transitive
    description:
      name: url_launcher_linux
      sha256: "4e9ba368772369e3e08f231d2301b4ef72b9ff87c31192ef471b380ef29a4935"
      url: "https://pub.dev"
    source: hosted
    version: "3.2.1"
  url_launcher_macos:
    dependency: transitive
    description:
      name: url_launcher_macos
      sha256: "17ba2000b847f334f16626a574c702b196723af2a289e7a93ffcb79acff855c2"
      url: "https://pub.dev"
    source: hosted
    version: "3.2.2"
  url_launcher_platform_interface:
    dependency: transitive
    description:
      name: url_launcher_platform_interface
      sha256: "552f8a1e663569be95a8190206a38187b531910283c3e982193e4f2733f01029"
      url: "https://pub.dev"
    source: hosted
    version: "2.3.2"
  url_launcher_web:
    dependency: transitive
    description:
      name: url_launcher_web
      sha256: "772638d3b34c779ede05ba3d38af34657a05ac55b06279ea6edd409e323dca8e"
      url: "https://pub.dev"
    source: hosted
    version: "2.3.3"
  url_launcher_windows:
    dependency: transitive
    description:
      name: url_launcher_windows
      sha256: "44cf3aabcedde30f2dba119a9dea3b0f2672fbe6fa96e85536251d678216b3c4"
      url: "https://pub.dev"
    source: hosted
    version: "3.1.3"
  uuid:
    dependency: transitive
    description:
      name: uuid
      sha256: "648e103079f7c64a36dc7d39369cabb358d377078a051d6ae2ad3aa539519313"
      url: "https://pub.dev"
    source: hosted
    version: "3.0.7"
  vector_math:
    dependency: transitive
    description:
      name: vector_math
      sha256: "80b3257d1492ce4d091729e3a67a60407d227c27241d6927be0130c98e741803"
      url: "https://pub.dev"
    source: hosted
    version: "2.1.4"
  version:
    dependency: transitive
    description:
      name: version
      sha256: "3d4140128e6ea10d83da32fef2fa4003fccbf6852217bb854845802f04191f94"
      url: "https://pub.dev"
    source: hosted
    version: "3.0.2"
  video_player:
    dependency: "direct main"
    description:
      name: video_player
      sha256: "4a8c3492d734f7c39c2588a3206707a05ee80cef52e8c7f3b2078d430c84bc17"
      url: "https://pub.dev"
    source: hosted
    version: "2.9.2"
  video_player_android:
    dependency: transitive
    description:
      name: video_player_android
      sha256: "134e1ad410d67e18a19486ed9512c72dfc6d8ffb284d0e8f2e99e903d1ba8fa3"
      url: "https://pub.dev"
    source: hosted
    version: "2.4.14"
  video_player_avfoundation:
    dependency: transitive
    description:
      name: video_player_avfoundation
      sha256: "33224c19775fd244be2d6e3dbd8e1826ab162877bd61123bf71890772119a2b7"
      url: "https://pub.dev"
    source: hosted
    version: "2.6.5"
  video_player_platform_interface:
    dependency: transitive
    description:
      name: video_player_platform_interface
      sha256: "229d7642ccd9f3dc4aba169609dd6b5f3f443bb4cc15b82f7785fcada5af9bbb"
      url: "https://pub.dev"
    source: hosted
    version: "6.2.3"
  video_player_web:
    dependency: transitive
    description:
      name: video_player_web
      sha256: "6dcdd298136523eaf7dfc31abaf0dfba9aa8a8dbc96670e87e9d42b6f2caf774"
      url: "https://pub.dev"
    source: hosted
    version: "2.3.2"
  vm_service:
    dependency: transitive
    description:
      name: vm_service
      sha256: b3d56ff4341b8f182b96aceb2fa20e3dcb336b9f867bc0eafc0de10f1048e957
      url: "https://pub.dev"
    source: hosted
    version: "13.0.0"
  web:
    dependency: transitive
    description:
      name: web
      sha256: "97da13628db363c635202ad97068d47c5b8aa555808e7a9411963c533b449b27"
      url: "https://pub.dev"
    source: hosted
    version: "0.5.1"
  win32:
    dependency: transitive
    description:
      name: win32
      sha256: "5a751eddf9db89b3e5f9d50c20ab8612296e4e8db69009788d6c8b060a84191c"
      url: "https://pub.dev"
    source: hosted
    version: "4.1.4"
  win32_registry:
    dependency: transitive
    description:
      name: win32_registry
      sha256: "1c52f994bdccb77103a6231ad4ea331a244dbcef5d1f37d8462f713143b0bfae"
      url: "https://pub.dev"
    source: hosted
    version: "1.1.0"
  xdg_directories:
    dependency: transitive
    description:
      name: xdg_directories
      sha256: "060b6e1c891d956f72b5ac9463466c37cce3fa962a921532fc001e86fe93438e"
      url: "https://pub.dev"
    source: hosted
    version: "0.2.0+1"
  xml:
    dependency: transitive
    description:
      name: xml
      sha256: ac0e3f4bf00ba2708c33fbabbbe766300e509f8c82dbd4ab6525039813f7e2fb
      url: "https://pub.dev"
    source: hosted
    version: "6.1.0"
  yaml:
    dependency: transitive
    description:
      name: yaml
      sha256: "23812a9b125b48d4007117254bca50abb6c712352927eece9e155207b1db2370"
      url: "https://pub.dev"
    source: hosted
    version: "3.1.1"
sdks:
  dart: ">=3.3.0 <3.3.9"
  flutter: ">=3.19.0"
